
Microsoft Visual Studio Solution File, Format Version 12.00
# Visual Studio 2012
Project("{FAE04EC0-301F-11D3-BF4B-00C04F79EFBC}") = "Samurai.Domain", "Samurai.Domain\Samurai.Domain.csproj", "{47F48263-B575-4254-AE3F-FBD8925ADE86}"
EndProject
Project("{FAE04EC0-301F-11D3-BF4B-00C04F79EFBC}") = "Samurai.Core", "Samurai.Core\Samurai.Core.csproj", "{8F6D4BAF-A8EE-4221-B667-3EE8B4A6849C}"
EndProject
Project("{FAE04EC0-301F-11D3-BF4B-00C04F79EFBC}") = "Samurai.SqlDataAccess", "Samurai.SqlDataAccess\Samurai.SqlDataAccess.csproj", "{D118C841-B535-480A-9EFF-BE652CD6B116}"
EndProject
Project("{FAE04EC0-301F-11D3-BF4B-00C04F79EFBC}") = "Infrastructure.Data", "Infrastructure.Data\Infrastructure.Data.csproj", "{83CE8910-37AA-415A-954B-3E36F9701D17}"
EndProject
Project("{FAE04EC0-301F-11D3-BF4B-00C04F79EFBC}") = "Samurai.WebPresentationModel", "Samurai.WebPresentationModel\Samurai.WebPresentationModel.csproj", "{4695755F-1CFA-46E3-9B01-672E21C36BD0}"
EndProject
Project("{FAE04EC0-301F-11D3-BF4B-00C04F79EFBC}") = "Samurai.Web.ViewModels", "Samurai.Web.ViewModels\Samurai.Web.ViewModels.csproj", "{9FDB6E16-ED5C-4276-81C4-8F7C7B258BFE}"
EndProject
Project("{FAE04EC0-301F-11D3-BF4B-00C04F79EFBC}") = "Samurai.Services", "Samurai.Services\Samurai.Services.csproj", "{7118D25C-F41F-4B1E-8F3B-739D25D86321}"
EndProject
Project("{FAE04EC0-301F-11D3-BF4B-00C04F79EFBC}") = "Samurai.Domain.Entities", "Samurai.Domain.Entities\Samurai.Domain.Entities.csproj", "{805325F9-8997-4247-B5C7-36476609F616}"
EndProject
Project("{FAE04EC0-301F-11D3-BF4B-00C04F79EFBC}") = "Samurai.Tests", "Samurai.Tests\Samurai.Tests.csproj", "{E885E0C6-3082-4B26-96AD-ECE45C90CC1C}"
EndProject
Project("{FAE04EC0-301F-11D3-BF4B-00C04F79EFBC}") = "Samurai.Sandbox", "Samurai.Sandbox\Samurai.Sandbox.csproj", "{834F3846-ACB1-4D8D-AB5B-04C9C5D3F5BB}"
EndProject
Project("{2150E333-8FDC-42A3-9474-1A3956D46DE8}") = "Solution Items", "Solution Items", "{72C47E48-76BF-482F-9B2C-F6454AF41708}"
	ProjectSection(SolutionItems) = preProject
		README.md = README.md
	EndProjectSection
EndProject
Project("{FAE04EC0-301F-11D3-BF4B-00C04F79EFBC}") = "Samurai.Web.PresentationModel", "Samurai.Web.PresentationModel\Samurai.Web.PresentationModel.csproj", "{E24961E3-7619-4E38-9D87-F54763C811D5}"
EndProject
Project("{FAE04EC0-301F-11D3-BF4B-00C04F79EFBC}") = "Samurai.Web.Client", "Samurai.Web.Client\Samurai.Web.Client.csproj", "{BC8E5129-5233-4C97-9374-51B24AA44B8A}"
EndProject
Project("{FAE04EC0-301F-11D3-BF4B-00C04F79EFBC}") = "Samurai.Web.API", "Samurai.Web.API\Samurai.Web.API.csproj", "{833F484B-6FA9-4353-8DB7-299165BF3CEC}"
EndProject
Project("{2150E333-8FDC-42A3-9474-1A3956D46DE8}") = ".nuget", ".nuget", "{DB573AE0-A49B-4EFD-9F20-61D476E23F3E}"
	ProjectSection(SolutionItems) = preProject
		.nuget\NuGet.Config = .nuget\NuGet.Config
		.nuget\NuGet.exe = .nuget\NuGet.exe
		.nuget\NuGet.targets = .nuget\NuGet.targets
	EndProjectSection
EndProject
Project("{00D1A9C2-B5F0-4AF3-8072-F6C62B433612}") = "Samurai.Database", "Samurai.Database\Samurai.Database.sqlproj", "{73DFCEBE-769B-4000-B80F-16B1598659C5}"
EndProject
Global
	GlobalSection(SolutionConfigurationPlatforms) = preSolution
		Debug|Any CPU = Debug|Any CPU
		Release|Any CPU = Release|Any CPU
	EndGlobalSection
	GlobalSection(ProjectConfigurationPlatforms) = postSolution
		{47F48263-B575-4254-AE3F-FBD8925ADE86}.Debug|Any CPU.ActiveCfg = Debug|Any CPU
		{47F48263-B575-4254-AE3F-FBD8925ADE86}.Debug|Any CPU.Build.0 = Debug|Any CPU
		{47F48263-B575-4254-AE3F-FBD8925ADE86}.Release|Any CPU.ActiveCfg = Release|Any CPU
		{47F48263-B575-4254-AE3F-FBD8925ADE86}.Release|Any CPU.Build.0 = Release|Any CPU
		{8F6D4BAF-A8EE-4221-B667-3EE8B4A6849C}.Debug|Any CPU.ActiveCfg = Debug|Any CPU
		{8F6D4BAF-A8EE-4221-B667-3EE8B4A6849C}.Debug|Any CPU.Build.0 = Debug|Any CPU
		{8F6D4BAF-A8EE-4221-B667-3EE8B4A6849C}.Release|Any CPU.ActiveCfg = Release|Any CPU
		{8F6D4BAF-A8EE-4221-B667-3EE8B4A6849C}.Release|Any CPU.Build.0 = Release|Any CPU
		{D118C841-B535-480A-9EFF-BE652CD6B116}.Debug|Any CPU.ActiveCfg = Debug|Any CPU
		{D118C841-B535-480A-9EFF-BE652CD6B116}.Debug|Any CPU.Build.0 = Debug|Any CPU
		{D118C841-B535-480A-9EFF-BE652CD6B116}.Release|Any CPU.ActiveCfg = Release|Any CPU
		{D118C841-B535-480A-9EFF-BE652CD6B116}.Release|Any CPU.Build.0 = Release|Any CPU
		{83CE8910-37AA-415A-954B-3E36F9701D17}.Debug|Any CPU.ActiveCfg = Debug|Any CPU
		{83CE8910-37AA-415A-954B-3E36F9701D17}.Debug|Any CPU.Build.0 = Debug|Any CPU
		{83CE8910-37AA-415A-954B-3E36F9701D17}.Release|Any CPU.ActiveCfg = Release|Any CPU
		{83CE8910-37AA-415A-954B-3E36F9701D17}.Release|Any CPU.Build.0 = Release|Any CPU
		{4695755F-1CFA-46E3-9B01-672E21C36BD0}.Debug|Any CPU.ActiveCfg = Debug|Any CPU
		{4695755F-1CFA-46E3-9B01-672E21C36BD0}.Debug|Any CPU.Build.0 = Debug|Any CPU
		{4695755F-1CFA-46E3-9B01-672E21C36BD0}.Release|Any CPU.ActiveCfg = Release|Any CPU
		{4695755F-1CFA-46E3-9B01-672E21C36BD0}.Release|Any CPU.Build.0 = Release|Any CPU
		{9FDB6E16-ED5C-4276-81C4-8F7C7B258BFE}.Debug|Any CPU.ActiveCfg = Debug|Any CPU
		{9FDB6E16-ED5C-4276-81C4-8F7C7B258BFE}.Debug|Any CPU.Build.0 = Debug|Any CPU
		{9FDB6E16-ED5C-4276-81C4-8F7C7B258BFE}.Release|Any CPU.ActiveCfg = Release|Any CPU
		{9FDB6E16-ED5C-4276-81C4-8F7C7B258BFE}.Release|Any CPU.Build.0 = Release|Any CPU
		{7118D25C-F41F-4B1E-8F3B-739D25D86321}.Debug|Any CPU.ActiveCfg = Debug|Any CPU
		{7118D25C-F41F-4B1E-8F3B-739D25D86321}.Debug|Any CPU.Build.0 = Debug|Any CPU
		{7118D25C-F41F-4B1E-8F3B-739D25D86321}.Release|Any CPU.ActiveCfg = Release|Any CPU
		{7118D25C-F41F-4B1E-8F3B-739D25D86321}.Release|Any CPU.Build.0 = Release|Any CPU
		{805325F9-8997-4247-B5C7-36476609F616}.Debug|Any CPU.ActiveCfg = Debug|Any CPU
		{805325F9-8997-4247-B5C7-36476609F616}.Debug|Any CPU.Build.0 = Debug|Any CPU
		{805325F9-8997-4247-B5C7-36476609F616}.Release|Any CPU.ActiveCfg = Release|Any CPU
		{805325F9-8997-4247-B5C7-36476609F616}.Release|Any CPU.Build.0 = Release|Any CPU
		{E885E0C6-3082-4B26-96AD-ECE45C90CC1C}.Debug|Any CPU.ActiveCfg = Debug|Any CPU
		{E885E0C6-3082-4B26-96AD-ECE45C90CC1C}.Debug|Any CPU.Build.0 = Debug|Any CPU
		{E885E0C6-3082-4B26-96AD-ECE45C90CC1C}.Release|Any CPU.ActiveCfg = Release|Any CPU
		{E885E0C6-3082-4B26-96AD-ECE45C90CC1C}.Release|Any CPU.Build.0 = Release|Any CPU
		{834F3846-ACB1-4D8D-AB5B-04C9C5D3F5BB}.Debug|Any CPU.ActiveCfg = Debug|Any CPU
		{834F3846-ACB1-4D8D-AB5B-04C9C5D3F5BB}.Debug|Any CPU.Build.0 = Debug|Any CPU
		{834F3846-ACB1-4D8D-AB5B-04C9C5D3F5BB}.Release|Any CPU.ActiveCfg = Release|Any CPU
		{834F3846-ACB1-4D8D-AB5B-04C9C5D3F5BB}.Release|Any CPU.Build.0 = Release|Any CPU
		{E24961E3-7619-4E38-9D87-F54763C811D5}.Debug|Any CPU.ActiveCfg = Debug|Any CPU
		{E24961E3-7619-4E38-9D87-F54763C811D5}.Debug|Any CPU.Build.0 = Debug|Any CPU
		{E24961E3-7619-4E38-9D87-F54763C811D5}.Release|Any CPU.ActiveCfg = Release|Any CPU
		{E24961E3-7619-4E38-9D87-F54763C811D5}.Release|Any CPU.Build.0 = Release|Any CPU
		{BC8E5129-5233-4C97-9374-51B24AA44B8A}.Debug|Any CPU.ActiveCfg = Debug|Any CPU
		{BC8E5129-5233-4C97-9374-51B24AA44B8A}.Debug|Any CPU.Build.0 = Debug|Any CPU
		{BC8E5129-5233-4C97-9374-51B24AA44B8A}.Release|Any CPU.ActiveCfg = Release|Any CPU
		{BC8E5129-5233-4C97-9374-51B24AA44B8A}.Release|Any CPU.Build.0 = Release|Any CPU
		{833F484B-6FA9-4353-8DB7-299165BF3CEC}.Debug|Any CPU.ActiveCfg = Debug|Any CPU
		{833F484B-6FA9-4353-8DB7-299165BF3CEC}.Debug|Any CPU.Build.0 = Debug|Any CPU
		{833F484B-6FA9-4353-8DB7-299165BF3CEC}.Release|Any CPU.ActiveCfg = Release|Any CPU
		{833F484B-6FA9-4353-8DB7-299165BF3CEC}.Release|Any CPU.Build.0 = Release|Any CPU
		{73DFCEBE-769B-4000-B80F-16B1598659C5}.Debug|Any CPU.ActiveCfg = Debug|Any CPU
		{73DFCEBE-769B-4000-B80F-16B1598659C5}.Debug|Any CPU.Build.0 = Debug|Any CPU
		{73DFCEBE-769B-4000-B80F-16B1598659C5}.Debug|Any CPU.Deploy.0 = Debug|Any CPU
		{73DFCEBE-769B-4000-B80F-16B1598659C5}.Release|Any CPU.ActiveCfg = Release|Any CPU
		{73DFCEBE-769B-4000-B80F-16B1598659C5}.Release|Any CPU.Build.0 = Release|Any CPU
		{73DFCEBE-769B-4000-B80F-16B1598659C5}.Release|Any CPU.Deploy.0 = Release|Any CPU
	EndGlobalSection
	GlobalSection(SolutionProperties) = preSolution
		HideSolutionNode = FALSE
	EndGlobalSection
EndGlobal
